// !$*UTF8*$!
{
	archiveVersion = 1;
	classes = {
	};
	objectVersion = 55;
	objects = {

/* Begin PBXBuildFile section */
		CE2DD24E280AFBB300CA3710 /* AppDelegate.swift in Sources */ = {isa = PBXBuildFile; fileRef = CE2DD24D280AFBB300CA3710 /* AppDelegate.swift */; };
		CE2DD250280AFBB300CA3710 /* SceneDelegate.swift in Sources */ = {isa = PBXBuildFile; fileRef = CE2DD24F280AFBB300CA3710 /* SceneDelegate.swift */; };
		CE2DD252280AFBB300CA3710 /* HomeViewController.swift in Sources */ = {isa = PBXBuildFile; fileRef = CE2DD251280AFBB300CA3710 /* HomeViewController.swift */; };
		CE2DD255280AFBB300CA3710 /* Main.storyboard in Resources */ = {isa = PBXBuildFile; fileRef = CE2DD253280AFBB300CA3710 /* Main.storyboard */; };
		CE2DD257280AFBB500CA3710 /* Assets.xcassets in Resources */ = {isa = PBXBuildFile; fileRef = CE2DD256280AFBB500CA3710 /* Assets.xcassets */; };
		CE2DD25A280AFBB500CA3710 /* LaunchScreen.storyboard in Resources */ = {isa = PBXBuildFile; fileRef = CE2DD258280AFBB500CA3710 /* LaunchScreen.storyboard */; };
		CE2DD267280AFEFA00CA3710 /* FormViewController.swift in Sources */ = {isa = PBXBuildFile; fileRef = CE2DD266280AFEFA00CA3710 /* FormViewController.swift */; };
		CE2DD269280B05D600CA3710 /* User.swift in Sources */ = {isa = PBXBuildFile; fileRef = CE2DD268280B05D600CA3710 /* User.swift */; };
		CE2DD26B280B05E200CA3710 /* HttpManager.swift in Sources */ = {isa = PBXBuildFile; fileRef = CE2DD26A280B05E200CA3710 /* HttpManager.swift */; };
		CE2DD26D280B080300CA3710 /* Extensions.swift in Sources */ = {isa = PBXBuildFile; fileRef = CE2DD26C280B080300CA3710 /* Extensions.swift */; };
/* End PBXBuildFile section */

/* Begin PBXFileReference section */
		CE2DD24A280AFBB300CA3710 /* CloudWiseAssignment.app */ = {isa = PBXFileReference; explicitFileType = wrapper.application; includeInIndex = 0; path = CloudWiseAssignment.app; sourceTree = BUILT_PRODUCTS_DIR; };
		CE2DD24D280AFBB300CA3710 /* AppDelegate.swift */ = {isa = PBXFileReference; lastKnownFileType = sourcecode.swift; path = AppDelegate.swift; sourceTree = "<group>"; };
		CE2DD24F280AFBB300CA3710 /* SceneDelegate.swift */ = {isa = PBXFileReference; lastKnownFileType = sourcecode.swift; path = SceneDelegate.swift; sourceTree = "<group>"; };
		CE2DD251280AFBB300CA3710 /* HomeViewController.swift */ = {isa = PBXFileReference; lastKnownFileType = sourcecode.swift; path = HomeViewController.swift; sourceTree = "<group>"; };
		CE2DD254280AFBB300CA3710 /* Base */ = {isa = PBXFileReference; lastKnownFileType = file.storyboard; name = Base; path = Base.lproj/Main.storyboard; sourceTree = "<group>"; };
		CE2DD256280AFBB500CA3710 /* Assets.xcassets */ = {isa = PBXFileReference; lastKnownFileType = folder.assetcatalog; path = Assets.xcassets; sourceTree = "<group>"; };
		CE2DD259280AFBB500CA3710 /* Base */ = {isa = PBXFileReference; lastKnownFileType = file.storyboard; name = Base; path = Base.lproj/LaunchScreen.storyboard; sourceTree = "<group>"; };
		CE2DD25B280AFBB500CA3710 /* Info.plist */ = {isa = PBXFileReference; lastKnownFileType = text.plist.xml; path = Info.plist; sourceTree = "<group>"; };
		CE2DD266280AFEFA00CA3710 /* FormViewController.swift */ = {isa = PBXFileReference; lastKnownFileType = sourcecode.swift; path = FormViewController.swift; sourceTree = "<group>"; };
		CE2DD268280B05D600CA3710 /* User.swift */ = {isa = PBXFileReference; fileEncoding = 4; lastKnownFileType = sourcecode.swift; path = User.swift; sourceTree = "<group>"; };
		CE2DD26A280B05E200CA3710 /* HttpManager.swift */ = {isa = PBXFileReference; fileEncoding = 4; lastKnownFileType = sourcecode.swift; path = HttpManager.swift; sourceTree = "<group>"; };
		CE2DD26C280B080300CA3710 /* Extensions.swift */ = {isa = PBXFileReference; lastKnownFileType = sourcecode.swift; path = Extensions.swift; sourceTree = "<group>"; };
/* End PBXFileReference section */

/* Begin PBXFrameworksBuildPhase section */
		CE2DD247280AFBB300CA3710 /* Frameworks */ = {
			isa = PBXFrameworksBuildPhase;
			buildActionMask = 2147483647;
			files = (
			);
			runOnlyForDeploymentPostprocessing = 0;
		};
/* End PBXFrameworksBuildPhase section */

/* Begin PBXGroup section */
		CE2DD241280AFBB200CA3710 = {
			isa = PBXGroup;
			children = (
				CE2DD24C280AFBB300CA3710 /* CloudWiseAssignment */,
				CE2DD24B280AFBB300CA3710 /* Products */,
			);
			sourceTree = "<group>";
		};
		CE2DD24B280AFBB300CA3710 /* Products */ = {
			isa = PBXGroup;
			children = (
				CE2DD24A280AFBB300CA3710 /* CloudWiseAssignment.app */,
			);
			name = Products;
			sourceTree = "<group>";
		};
		CE2DD24C280AFBB300CA3710 /* CloudWiseAssignment */ = {
			isa = PBXGroup;
			children = (
				CE2DD262280AFBCA00CA3710 /* Services */,
				CE2DD261280AFBBF00CA3710 /* Models */,
				CE2DD263280AFBD400CA3710 /* Views */,
				CE2DD264280AFBDF00CA3710 /* Controllers */,
				CE2DD25B280AFBB500CA3710 /* Info.plist */,
			);
			path = CloudWiseAssignment;
			sourceTree = "<group>";
		};
		CE2DD261280AFBBF00CA3710 /* Models */ = {
			isa = PBXGroup;
			children = (
				CE2DD268280B05D600CA3710 /* User.swift */,
			);
			path = Models;
			sourceTree = "<group>";
		};
		CE2DD262280AFBCA00CA3710 /* Services */ = {
			isa = PBXGroup;
			children = (
				CE2DD26A280B05E200CA3710 /* HttpManager.swift */,
				CE2DD24D280AFBB300CA3710 /* AppDelegate.swift */,
				CE2DD24F280AFBB300CA3710 /* SceneDelegate.swift */,
				CE2DD26C280B080300CA3710 /* Extensions.swift */,
			);
			path = Services;
			sourceTree = "<group>";
		};
		CE2DD263280AFBD400CA3710 /* Views */ = {
			isa = PBXGroup;
			children = (
				CE2DD256280AFBB500CA3710 /* Assets.xcassets */,
				CE2DD265280AFC4E00CA3710 /* Storyboards */,
			);
			path = Views;
			sourceTree = "<group>";
		};
		CE2DD264280AFBDF00CA3710 /* Controllers */ = {
			isa = PBXGroup;
			children = (
				CE2DD251280AFBB300CA3710 /* HomeViewController.swift */,
				CE2DD266280AFEFA00CA3710 /* FormViewController.swift */,
			);
			path = Controllers;
			sourceTree = "<group>";
		};
		CE2DD265280AFC4E00CA3710 /* Storyboards */ = {
			isa = PBXGroup;
			children = (
				CE2DD253280AFBB300CA3710 /* Main.storyboard */,
				CE2DD258280AFBB500CA3710 /* LaunchScreen.storyboard */,
			);
			path = Storyboards;
			sourceTree = "<group>";
		};
/* End PBXGroup section */

/* Begin PBXNativeTarget section */
		CE2DD249280AFBB300CA3710 /* CloudWiseAssignment */ = {
			isa = PBXNativeTarget;
			buildConfigurationList = CE2DD25E280AFBB500CA3710 /* Build configuration list for PBXNativeTarget "CloudWiseAssignment" */;
			buildPhases = (
				CE2DD246280AFBB300CA3710 /* Sources */,
				CE2DD247280AFBB300CA3710 /* Frameworks */,
				CE2DD248280AFBB300CA3710 /* Resources */,
			);
			buildRules = (
			);
			dependencies = (
			);
			name = CloudWiseAssignment;
			productName = CloudWiseAssignment;
			productReference = CE2DD24A280AFBB300CA3710 /* CloudWiseAssignment.app */;
			productType = "com.apple.product-type.application";
		};
/* End PBXNativeTarget section */

/* Begin PBXProject section */
		CE2DD242280AFBB200CA3710 /* Project object */ = {
			isa = PBXProject;
			attributes = {
				BuildIndependentTargetsInParallel = 1;
				LastSwiftUpdateCheck = 1330;
				LastUpgradeCheck = 1330;
				TargetAttributes = {
					CE2DD249280AFBB300CA3710 = {
						CreatedOnToolsVersion = 13.3.1;
					};
				};
			};
			buildConfigurationList = CE2DD245280AFBB200CA3710 /* Build configuration list for PBXProject "CloudWiseAssignment" */;
			compatibilityVersion = "Xcode 13.0";
			developmentRegion = en;
			hasScannedForEncodings = 0;
			knownRegions = (
				en,
				Base,
			);
			mainGroup = CE2DD241280AFBB200CA3710;
			productRefGroup = CE2DD24B280AFBB300CA3710 /* Products */;
			projectDirPath = "";
			projectRoot = "";
			targets = (
				CE2DD249280AFBB300CA3710 /* CloudWiseAssignment */,
			);
		};
/* End PBXProject section */

/* Begin PBXResourcesBuildPhase section */
		CE2DD248280AFBB300CA3710 /* Resources */ = {
			isa = PBXResourcesBuildPhase;
			buildActionMask = 2147483647;
			files = (
				CE2DD25A280AFBB500CA3710 /* LaunchScreen.storyboard in Resources */,
				CE2DD257280AFBB500CA3710 /* Assets.xcassets in Resources */,
				CE2DD255280AFBB300CA3710 /* Main.storyboard in Resources */,
			);
			runOnlyForDeploymentPostprocessing = 0;
		};
/* End PBXResourcesBuildPhase section */

/* Begin PBXSourcesBuildPhase section */
		CE2DD246280AFBB300CA3710 /* Sources */ = {
			isa = PBXSourcesBuildPhase;
			buildActionMask = 2147483647;
			files = (
				CE2DD252280AFBB300CA3710 /* HomeViewController.swift in Sources */,
				CE2DD24E280AFBB300CA3710 /* AppDelegate.swift in Sources */,
				CE2DD267280AFEFA00CA3710 /* FormViewController.swift in Sources */,
				CE2DD26B280B05E200CA3710 /* HttpManager.swift in Sources */,
				CE2DD269280B05D600CA3710 /* User.swift in Sources */,
				CE2DD250280AFBB300CA3710 /* SceneDelegate.swift in Sources */,
				CE2DD26D280B080300CA3710 /* Extensions.swift in Sources */,
			);
			runOnlyForDeploymentPostprocessing = 0;
		};
/* End PBXSourcesBuildPhase section */

/* Begin PBXVariantGroup section */
		CE2DD253280AFBB300CA3710 /* Main.storyboard */ = {
			isa = PBXVariantGroup;
			children = (
				CE2DD254280AFBB300CA3710 /* Base */,
			);
			name = Main.storyboard;
			sourceTree = "<group>";
		};
		CE2DD258280AFBB500CA3710 /* LaunchScreen.storyboard */ = {
			isa = PBXVariantGroup;
			children = (
				CE2DD259280AFBB500CA3710 /* Base */,
			);
			name = LaunchScreen.storyboard;
			sourceTree = "<group>";
		};
/* End PBXVariantGroup section */

/* Begin XCBuildConfiguration section */
		CE2DD25C280AFBB500CA3710 /* Debug */ = {
			isa = XCBuildConfiguration;
			buildSettings = {
				ALWAYS_SEARCH_USER_PATHS = NO;
				CLANG_ANALYZER_NONNULL = YES;
				CLANG_ANALYZER_NUMBER_OBJECT_CONVERSION = YES_AGGRESSIVE;
				CLANG_CXX_LANGUAGE_STANDARD = "gnu++17";
				CLANG_ENABLE_MODULES = YES;
				CLANG_ENABLE_OBJC_ARC = YES;
				CLANG_ENABLE_OBJC_WEAK = YES;
				CLANG_WARN_BLOCK_CAPTURE_AUTORELEASING = YES;
				CLANG_WARN_BOOL_CONVERSION = YES;
				CLANG_WARN_COMMA = YES;
				CLANG_WARN_CONSTANT_CONVERSION = YES;
				CLANG_WARN_DEPRECATED_OBJC_IMPLEMENTATIONS = YES;
				CLANG_WARN_DIRECT_OBJC_ISA_USAGE = YES_ERROR;
				CLANG_WARN_DOCUMENTATION_COMMENTS = YES;
				CLANG_WARN_EMPTY_BODY = YES;
				CLANG_WARN_ENUM_CONVERSION = YES;
				CLANG_WARN_INFINITE_RECURSION = YES;
				CLANG_WARN_INT_CONVERSION = YES;
				CLANG_WARN_NON_LITERAL_NULL_CONVERSION = YES;
				CLANG_WARN_OBJC_IMPLICIT_RETAIN_SELF = YES;
				CLANG_WARN_OBJC_LITERAL_CONVERSION = YES;
				CLANG_WARN_OBJC_ROOT_CLASS = YES_ERROR;
				CLANG_WARN_QUOTED_INCLUDE_IN_FRAMEWORK_HEADER = YES;
				CLANG_WARN_RANGE_LOOP_ANALYSIS = YES;
				CLANG_WARN_STRICT_PROTOTYPES = YES;
				CLANG_WARN_SUSPICIOUS_MOVE = YES;
				CLANG_WARN_UNGUARDED_AVAILABILITY = YES_AGGRESSIVE;
				CLANG_WARN_UNREACHABLE_CODE = YES;
				CLANG_WARN__DUPLICATE_METHOD_MATCH = YES;
				COPY_PHASE_STRIP = NO;
				DEBUG_INFORMATION_FORMAT = dwarf;
				ENABLE_STRICT_OBJC_MSGSEND = YES;
				ENABLE_TESTABILITY = YES;
				GCC_C_LANGUAGE_STANDARD = gnu11;
				GCC_DYNAMIC_NO_PIC = NO;
				GCC_NO_COMMON_BLOCKS = YES;
				GCC_OPTIMIZATION_LEVEL = 0;
				GCC_PREPROCESSOR_DEFINITIONS = (
					"DEBUG=1",
					"$(inherited)",
				);
				GCC_WARN_64_TO_32_BIT_CONVERSION = YES;
				GCC_WARN_ABOUT_RETURN_TYPE = YES_ERROR;
				GCC_WARN_UNDECLARED_SELECTOR = YES;
				GCC_WARN_UNINITIALIZED_AUTOS = YES_AGGRESSIVE;
				GCC_WARN_UNUSED_FUNCTION = YES;
				GCC_WARN_UNUSED_VARIABLE = YES;
				IPHONEOS_DEPLOYMENT_TARGET = 13.0;
				MTL_ENABLE_DEBUG_INFO = INCLUDE_SOURCE;
				MTL_FAST_MATH = YES;
				ONLY_ACTIVE_ARCH = YES;
				SDKROOT = iphoneos;
				SWIFT_ACTIVE_COMPILATION_CONDITIONS = DEBUG;
				SWIFT_OPTIMIZATION_LEVEL = "-Onone";
			};
			name = Debug;
		};
		CE2DD25D280AFBB500CA3710 /* Release */ = {
			isa = XCBuildConfiguration;
			buildSettings = {
				ALWAYS_SEARCH_USER_PATHS = NO;
				CLANG_ANALYZER_NONNULL = YES;
				CLANG_ANALYZER_NUMBER_OBJECT_CONVERSION = YES_AGGRESSIVE;
				CLANG_CXX_LANGUAGE_STANDARD = "gnu++17";
				CLANG_ENABLE_MODULES = YES;
				CLANG_ENABLE_OBJC_ARC = YES;
				CLANG_ENABLE_OBJC_WEAK = YES;
				CLANG_WARN_BLOCK_CAPTURE_AUTORELEASING = YES;
				CLANG_WARN_BOOL_CONVERSION = YES;
				CLANG_WARN_COMMA = YES;
				CLANG_WARN_CONSTANT_CONVERSION = YES;
				CLANG_WARN_DEPRECATED_OBJC_IMPLEMENTATIONS = YES;
				CLANG_WARN_DIRECT_OBJC_ISA_USAGE = YES_ERROR;
				CLANG_WARN_DOCUMENTATION_COMMENTS = YES;
				CLANG_WARN_EMPTY_BODY = YES;
				CLANG_WARN_ENUM_CONVERSION = YES;
				CLANG_WARN_INFINITE_RECURSION = YES;
				CLANG_WARN_INT_CONVERSION = YES;
				CLANG_WARN_NON_LITERAL_NULL_CONVERSION = YES;
				CLANG_WARN_OBJC_IMPLICIT_RETAIN_SELF = YES;
				CLANG_WARN_OBJC_LITERAL_CONVERSION = YES;
				CLANG_WARN_OBJC_ROOT_CLASS = YES_ERROR;
				CLANG_WARN_QUOTED_INCLUDE_IN_FRAMEWORK_HEADER = YES;
				CLANG_WARN_RANGE_LOOP_ANALYSIS = YES;
				CLANG_WARN_STRICT_PROTOTYPES = YES;
				CLANG_WARN_SUSPICIOUS_MOVE = YES;
				CLANG_WARN_UNGUARDED_AVAILABILITY = YES_AGGRESSIVE;
				CLANG_WARN_UNREACHABLE_CODE = YES;
				CLANG_WARN__DUPLICATE_METHOD_MATCH = YES;
				COPY_PHASE_STRIP = NO;
				DEBUG_INFORMATION_FORMAT = "dwarf-with-dsym";
				ENABLE_NS_ASSERTIONS = NO;
				ENABLE_STRICT_OBJC_MSGSEND = YES;
				GCC_C_LANGUAGE_STANDARD = gnu11;
				GCC_NO_COMMON_BLOCKS = YES;
				GCC_WARN_64_TO_32_BIT_CONVERSION = YES;
				GCC_WARN_ABOUT_RETURN_TYPE = YES_ERROR;
				GCC_WARN_UNDECLARED_SELECTOR = YES;
				GCC_WARN_UNINITIALIZED_AUTOS = YES_AGGRESSIVE;
				GCC_WARN_UNUSED_FUNCTION = YES;
				GCC_WARN_UNUSED_VARIABLE = YES;
				IPHONEOS_DEPLOYMENT_TARGET = 13.0;
				MTL_ENABLE_DEBUG_INFO = NO;
				MTL_FAST_MATH = YES;
				SDKROOT = iphoneos;
				SWIFT_COMPILATION_MODE = wholemodule;
				SWIFT_OPTIMIZATION_LEVEL = "-O";
				VALIDATE_PRODUCT = YES;
			};
			name = Release;
		};
		CE2DD25F280AFBB500CA3710 /* Debug */ = {
			isa = XCBuildConfiguration;
			buildSettings = {
				ASSETCATALOG_COMPILER_APPICON_NAME = AppIcon;
				ASSETCATALOG_COMPILER_GLOBAL_ACCENT_COLOR_NAME = AccentColor;
				CODE_SIGN_STYLE = Automatic;
				CURRENT_PROJECT_VERSION = 1;
				DEVELOPMENT_TEAM = 69H762Q9K9;
				GENERATE_INFOPLIST_FILE = YES;
				INFOPLIST_FILE = CloudWiseAssignment/Info.plist;
				INFOPLIST_KEY_UIApplicationSupportsIndirectInputEvents = YES;
				INFOPLIST_KEY_UILaunchStoryboardName = LaunchScreen;
				INFOPLIST_KEY_UIMainStoryboardFile = Main;
				INFOPLIST_KEY_UISupportedInterfaceOrientations_iPad = "UIInterfaceOrientationPortrait UIInterfaceOrientationPortraitUpsideDown UIInterfaceOrientationLandscapeLeft UIInterfaceOrientationLandscapeRight";
				INFOPLIST_KEY_UISupportedInterfaceOrientations_iPhone = "UIInterfaceOrientationPortrait UIInterfaceOrientationLandscapeLeft UIInterfaceOrientationLandscapeRight";
				LD_RUNPATH_SEARCH_PATHS = (
					"$(inherited)",
					"@executable_path/Frameworks",
				);
				MARKETING_VERSION = 1.0;
				PRODUCT_BUNDLE_IDENTIFIER = com.madapps.CloudWiseAssignment;
				PRODUCT_NAME = "$(TARGET_NAME)";
				SWIFT_EMIT_LOC_STRINGS = YES;
				SWIFT_VERSION = 5.0;
				TARGETED_DEVICE_FAMILY = "1,2";
			};
			name = Debug;
		};
		CE2DD260280AFBB500CA3710 /* Release */ = {
			isa = XCBuildConfiguration;
			buildSettings = {
				ASSETCATALOG_COMPILER_APPICON_NAME = AppIcon;
				ASSETCATALOG_COMPILER_GLOBAL_ACCENT_COLOR_NAME = AccentColor;
				CODE_SIGN_STYLE = Automatic;
				CURRENT_PROJECT_VERSION = 1;
				DEVELOPMENT_TEAM = 69H762Q9K9;
				GENERATE_INFOPLIST_FILE = YES;
				INFOPLIST_FILE = CloudWiseAssignment/Info.plist;
				INFOPLIST_KEY_UIApplicationSupportsIndirectInputEvents = YES;
				INFOPLIST_KEY_UILaunchStoryboardName = LaunchScreen;
				INFOPLIST_KEY_UIMainStoryboardFile = Main;
				INFOPLIST_KEY_UISupportedInterfaceOrientations_iPad = "UIInterfaceOrientationPortrait UIInterfaceOrientationPortraitUpsideDown UIInterfaceOrientationLandscapeLeft UIInterfaceOrientationLandscapeRight";
				INFOPLIST_KEY_UISupportedInterfaceOrientations_iPhone = "UIInterfaceOrientationPortrait UIInterfaceOrientationLandscapeLeft UIInterfaceOrientationLandscapeRight";
				LD_RUNPATH_SEARCH_PATHS = (
					"$(inherited)",
					"@executable_path/Frameworks",
				);
				MARKETING_VERSION = 1.0;
				PRODUCT_BUNDLE_IDENTIFIER = com.madapps.CloudWiseAssignment;
				PRODUCT_NAME = "$(TARGET_NAME)";
				SWIFT_EMIT_LOC_STRINGS = YES;
				SWIFT_VERSION = 5.0;
				TARGETED_DEVICE_FAMILY = "1,2";
			};
			name = Release;
		};
/* End XCBuildConfiguration section */

/* Begin XCConfigurationList section */
		CE2DD245280AFBB200CA3710 /* Build configuration list for PBXProject "CloudWiseAssignment" */ = {
			isa = XCConfigurationList;
			buildConfigurations = (
				CE2DD25C280AFBB500CA3710 /* Debug */,
				CE2DD25D280AFBB500CA3710 /* Release */,
			);
			defaultConfigurationIsVisible = 0;
			defaultConfigurationName = Release;
		};
		CE2DD25E280AFBB500CA3710 /* Build configuration list for PBXNativeTarget "CloudWiseAssignment" */ = {
			isa = XCConfigurationList;
			buildConfigurations = (
				CE2DD25F280AFBB500CA3710 /* Debug */,
				CE2DD260280AFBB500CA3710 /* Release */,
			);
			defaultConfigurationIsVisible = 0;
			defaultConfigurationName = Release;
		};
/* End XCConfigurationList section */
	};
	rootObject = CE2DD242280AFBB200CA3710 /* Project object */;
}
